
Microsoft Visual Studio Solution File, Format Version 12.00
# Visual Studio Version 17
VisualStudioVersion = 17.1.32414.318
MinimumVisualStudioVersion = 10.0.40219.1
Project("{FAE04EC0-301F-11D3-BF4B-00C04F79EFBC}") = "MVCAddressBook", "MVCAddressBook\MVCAddressBook.csproj", "{28C647CD-5EE6-4D34-A484-54A75AF055BD}"
EndProject
Global
	GlobalSection(SolutionConfigurationPlatforms) = preSolution
		Debug|Any CPU = Debug|Any CPU
		Release|Any CPU = Release|Any CPU
	EndGlobalSection
	GlobalSection(ProjectConfigurationPlatforms) = postSolution
		{28C647CD-5EE6-4D34-A484-54A75AF055BD}.Debug|Any CPU.ActiveCfg = Debug|Any CPU
		{28C647CD-5EE6-4D34-A484-54A75AF055BD}.Debug|Any CPU.Build.0 = Debug|Any CPU
		{28C647CD-5EE6-4D34-A484-54A75AF055BD}.Release|Any CPU.ActiveCfg = Release|Any CPU
		{28C647CD-5EE6-4D34-A484-54A75AF055BD}.Release|Any CPU.Build.0 = Release|Any CPU
	EndGlobalSection
	GlobalSection(SolutionProperties) = preSolution
		HideSolutionNode = FALSE
	EndGlobalSection
	GlobalSection(ExtensibilityGlobals) = postSolution
		SolutionGuid = {4B2DAC40-AF2D-44D2-B192-7836DAF77210}
	EndGlobalSection
EndGlobal
